{
  "version": 4,
  "terraform_version": "1.2.3",
  "serial": 4,
  "lineage": "97fc0c37-6575-0e5d-9d26-0e3624536d21",
  "outputs": {
    "myfiles": {
      "value": [
        "/root/file1",
        "/root/file2",
        "/root/file3"
      ],
      "type": [
        "list",
        "string"
      ]
    }
  },
  "resources": [
    {
      "mode": "managed",
      "type": "local_file",
      "name": "myfile",
      "provider": "provider[\"registry.terraform.io/hashicorp/local\"]",
      "instances": [
        {
          "index_key": 0,
          "schema_version": 0,
          "attributes": {
            "content": "myfile",
            "content_base64": null,
            "directory_permission": "0777",
            "file_permission": "0777",
            "filename": "/root/file1",
            "id": "b3580ab45cb088ba47ff070aa81c2dae1be56ca2",
            "sensitive_content": null,
            "source": null
          },
          "sensitive_attributes": [],
          "private": "bnVsbA=="
        },
        {
          "index_key": 1,
          "schema_version": 0,
          "attributes": {
            "content": "myfile",
            "content_base64": null,
            "directory_permission": "0777",
            "file_permission": "0777",
            "filename": "/root/file2",
            "id": "b3580ab45cb088ba47ff070aa81c2dae1be56ca2",
            "sensitive_content": null,
            "source": null
          },
          "sensitive_attributes": [],
          "private": "bnVsbA=="
        },
        {
          "index_key": 2,
          "schema_version": 0,
          "attributes": {
            "content": "myfile",
            "content_base64": null,
            "directory_permission": "0777",
            "file_permission": "0777",
            "filename": "/root/file3",
            "id": "b3580ab45cb088ba47ff070aa81c2dae1be56ca2",
            "sensitive_content": null,
            "source": null
          },
          "sensitive_attributes": [],
          "private": "bnVsbA=="
        }
      ]
    }
  ]
}
